
Microsoft Visual Studio Solution File, Format Version 12.00
# Visual Studio Version 17
VisualStudioVersion = 17.14.36623.8
MinimumVisualStudioVersion = 10.0.40219.1
Project("{FAE04EC0-301F-11D3-BF4B-00C04F79EFBC}") = "Client", "Client.csproj", "{8CABD722-1838-4034-96F8-AA03AC6199F6}"
EndProject
Project("{FAE04EC0-301F-11D3-BF4B-00C04F79EFBC}") = "DTO", "..\DTO\DTO.csproj", "{F1715270-A4E7-D501-3F6B-92FF1C08C4D7}"
EndProject
Project("{FAE04EC0-301F-11D3-BF4B-00C04F79EFBC}") = "Shared", "..\Shared\Shared.csproj", "{6311C115-D585-51B9-BEA0-07373A03268A}"
EndProject
Project("{FAE04EC0-301F-11D3-BF4B-00C04F79EFBC}") = "API", "..\API\API.csproj", "{3B825327-BE3C-E3E9-9DBC-4E1DA6DB1907}"
EndProject
Project("{FAE04EC0-301F-11D3-BF4B-00C04F79EFBC}") = "Data", "..\Data\Data.csproj", "{667FD13E-878B-4F9A-8DCE-1901FC9DF600}"
EndProject
Global
	GlobalSection(SolutionConfigurationPlatforms) = preSolution
		Debug|Any CPU = Debug|Any CPU
		Release|Any CPU = Release|Any CPU
	EndGlobalSection
	GlobalSection(ProjectConfigurationPlatforms) = postSolution
		{8CABD722-1838-4034-96F8-AA03AC6199F6}.Debug|Any CPU.ActiveCfg = Debug|Any CPU
		{8CABD722-1838-4034-96F8-AA03AC6199F6}.Debug|Any CPU.Build.0 = Debug|Any CPU
		{8CABD722-1838-4034-96F8-AA03AC6199F6}.Release|Any CPU.ActiveCfg = Release|Any CPU
		{8CABD722-1838-4034-96F8-AA03AC6199F6}.Release|Any CPU.Build.0 = Release|Any CPU
		{F1715270-A4E7-D501-3F6B-92FF1C08C4D7}.Debug|Any CPU.ActiveCfg = Debug|Any CPU
		{F1715270-A4E7-D501-3F6B-92FF1C08C4D7}.Debug|Any CPU.Build.0 = Debug|Any CPU
		{F1715270-A4E7-D501-3F6B-92FF1C08C4D7}.Release|Any CPU.ActiveCfg = Release|Any CPU
		{F1715270-A4E7-D501-3F6B-92FF1C08C4D7}.Release|Any CPU.Build.0 = Release|Any CPU
		{6311C115-D585-51B9-BEA0-07373A03268A}.Debug|Any CPU.ActiveCfg = Debug|Any CPU
		{6311C115-D585-51B9-BEA0-07373A03268A}.Debug|Any CPU.Build.0 = Debug|Any CPU
		{6311C115-D585-51B9-BEA0-07373A03268A}.Release|Any CPU.ActiveCfg = Release|Any CPU
		{6311C115-D585-51B9-BEA0-07373A03268A}.Release|Any CPU.Build.0 = Release|Any CPU
		{3B825327-BE3C-E3E9-9DBC-4E1DA6DB1907}.Debug|Any CPU.ActiveCfg = Debug|Any CPU
		{3B825327-BE3C-E3E9-9DBC-4E1DA6DB1907}.Debug|Any CPU.Build.0 = Debug|Any CPU
		{3B825327-BE3C-E3E9-9DBC-4E1DA6DB1907}.Release|Any CPU.ActiveCfg = Release|Any CPU
		{3B825327-BE3C-E3E9-9DBC-4E1DA6DB1907}.Release|Any CPU.Build.0 = Release|Any CPU
		{667FD13E-878B-4F9A-8DCE-1901FC9DF600}.Debug|Any CPU.ActiveCfg = Debug|Any CPU
		{667FD13E-878B-4F9A-8DCE-1901FC9DF600}.Debug|Any CPU.Build.0 = Debug|Any CPU
		{667FD13E-878B-4F9A-8DCE-1901FC9DF600}.Release|Any CPU.ActiveCfg = Release|Any CPU
		{667FD13E-878B-4F9A-8DCE-1901FC9DF600}.Release|Any CPU.Build.0 = Release|Any CPU
	EndGlobalSection
	GlobalSection(SolutionProperties) = preSolution
		HideSolutionNode = FALSE
	EndGlobalSection
	GlobalSection(ExtensibilityGlobals) = postSolution
		SolutionGuid = {144F0689-3248-4887-9B45-E9E652369AE8}
	EndGlobalSection
EndGlobal
