
Microsoft Visual Studio Solution File, Format Version 12.00
# Visual Studio Version 17
VisualStudioVersion = 17.14.36623.8
MinimumVisualStudioVersion = 10.0.40219.1
Project("{FAE04EC0-301F-11D3-BF4B-00C04F79EFBC}") = "API", "API.csproj", "{ED562DFE-B9EF-5F88-771F-EBF333E4D08F}"
EndProject
Project("{FAE04EC0-301F-11D3-BF4B-00C04F79EFBC}") = "Data", "..\Data\Data.csproj", "{F1715270-A4E7-D501-3F6B-92FF1C08C4D7}"
EndProject
Project("{FAE04EC0-301F-11D3-BF4B-00C04F79EFBC}") = "Shared", "..\Shared\Shared.csproj", "{6311C115-D585-51B9-BEA0-07373A03268A}"
EndProject
Project("{FAE04EC0-301F-11D3-BF4B-00C04F79EFBC}") = "DTO", "..\DTO\DTO.csproj", "{A0ECC4C2-09DB-343D-F9D0-7E792574663D}"
EndProject
Global
	GlobalSection(SolutionConfigurationPlatforms) = preSolution
		Debug|Any CPU = Debug|Any CPU
		Release|Any CPU = Release|Any CPU
	EndGlobalSection
	GlobalSection(ProjectConfigurationPlatforms) = postSolution
		{ED562DFE-B9EF-5F88-771F-EBF333E4D08F}.Debug|Any CPU.ActiveCfg = Debug|Any CPU
		{ED562DFE-B9EF-5F88-771F-EBF333E4D08F}.Debug|Any CPU.Build.0 = Debug|Any CPU
		{ED562DFE-B9EF-5F88-771F-EBF333E4D08F}.Release|Any CPU.ActiveCfg = Release|Any CPU
		{ED562DFE-B9EF-5F88-771F-EBF333E4D08F}.Release|Any CPU.Build.0 = Release|Any CPU
		{F1715270-A4E7-D501-3F6B-92FF1C08C4D7}.Debug|Any CPU.ActiveCfg = Debug|Any CPU
		{F1715270-A4E7-D501-3F6B-92FF1C08C4D7}.Debug|Any CPU.Build.0 = Debug|Any CPU
		{F1715270-A4E7-D501-3F6B-92FF1C08C4D7}.Release|Any CPU.ActiveCfg = Release|Any CPU
		{F1715270-A4E7-D501-3F6B-92FF1C08C4D7}.Release|Any CPU.Build.0 = Release|Any CPU
		{6311C115-D585-51B9-BEA0-07373A03268A}.Debug|Any CPU.ActiveCfg = Debug|Any CPU
		{6311C115-D585-51B9-BEA0-07373A03268A}.Debug|Any CPU.Build.0 = Debug|Any CPU
		{6311C115-D585-51B9-BEA0-07373A03268A}.Release|Any CPU.ActiveCfg = Release|Any CPU
		{6311C115-D585-51B9-BEA0-07373A03268A}.Release|Any CPU.Build.0 = Release|Any CPU
		{A0ECC4C2-09DB-343D-F9D0-7E792574663D}.Debug|Any CPU.ActiveCfg = Debug|Any CPU
		{A0ECC4C2-09DB-343D-F9D0-7E792574663D}.Debug|Any CPU.Build.0 = Debug|Any CPU
		{A0ECC4C2-09DB-343D-F9D0-7E792574663D}.Release|Any CPU.ActiveCfg = Release|Any CPU
		{A0ECC4C2-09DB-343D-F9D0-7E792574663D}.Release|Any CPU.Build.0 = Release|Any CPU
	EndGlobalSection
	GlobalSection(SolutionProperties) = preSolution
		HideSolutionNode = FALSE
	EndGlobalSection
	GlobalSection(ExtensibilityGlobals) = postSolution
		SolutionGuid = {0167AB4A-BDE6-43DC-9FDF-E0022266D8A8}
	EndGlobalSection
EndGlobal
